
Microsoft Visual Studio Solution File, Format Version 12.00
# Visual Studio Version 16
VisualStudioVersion = 16.0.29519.181
MinimumVisualStudioVersion = 10.0.40219.1
Project("{FAE04EC0-301F-11D3-BF4B-00C04F79EFBC}") = "ClassMetotDemo", "ClassMetotDemo\ClassMetotDemo.csproj", "{354EB793-8DA1-4289-9705-7098347A2EDC}"
EndProject
Global
	GlobalSection(SolutionConfigurationPlatforms) = preSolution
		Debug|Any CPU = Debug|Any CPU
		Release|Any CPU = Release|Any CPU
	EndGlobalSection
	GlobalSection(ProjectConfigurationPlatforms) = postSolution
		{354EB793-8DA1-4289-9705-7098347A2EDC}.Debug|Any CPU.ActiveCfg = Debug|Any CPU
		{354EB793-8DA1-4289-9705-7098347A2EDC}.Debug|Any CPU.Build.0 = Debug|Any CPU
		{354EB793-8DA1-4289-9705-7098347A2EDC}.Release|Any CPU.ActiveCfg = Release|Any CPU
		{354EB793-8DA1-4289-9705-7098347A2EDC}.Release|Any CPU.Build.0 = Release|Any CPU
	EndGlobalSection
	GlobalSection(SolutionProperties) = preSolution
		HideSolutionNode = FALSE
	EndGlobalSection
	GlobalSection(ExtensibilityGlobals) = postSolution
		SolutionGuid = {8D7A45F1-D3B7-4CA9-80DC-7043661ECAFB}
	EndGlobalSection
EndGlobal
